// !$*UTF8*$!
{
	archiveVersion = 1;
	classes = {
	};
	objectVersion = 56;
	objects = {

/* Begin PBXBuildFile section */
		FF57A2322C22E35100537093 /* AppDelegate.swift in Sources */ = {isa = PBXBuildFile; fileRef = FF57A2312C22E35100537093 /* AppDelegate.swift */; };
		FF57A2342C22E35100537093 /* SceneDelegate.swift in Sources */ = {isa = PBXBuildFile; fileRef = FF57A2332C22E35100537093 /* SceneDelegate.swift */; };
		FF57A2362C22E35100537093 /* ViewController.swift in Sources */ = {isa = PBXBuildFile; fileRef = FF57A2352C22E35100537093 /* ViewController.swift */; };
		FF57A2392C22E35100537093 /* Main.storyboard in Resources */ = {isa = PBXBuildFile; fileRef = FF57A2372C22E35100537093 /* Main.storyboard */; };
		FF57A23B2C22E35300537093 /* Assets.xcassets in Resources */ = {isa = PBXBuildFile; fileRef = FF57A23A2C22E35300537093 /* Assets.xcassets */; };
		FF57A23E2C22E35300537093 /* LaunchScreen.storyboard in Resources */ = {isa = PBXBuildFile; fileRef = FF57A23C2C22E35300537093 /* LaunchScreen.storyboard */; };
		FF57A24A2C22E86A00537093 /* dunkee.png in Resources */ = {isa = PBXBuildFile; fileRef = FF57A2472C22E86A00537093 /* dunkee.png */; };
		FF57A24B2C22E86A00537093 /* munkee.png in Resources */ = {isa = PBXBuildFile; fileRef = FF57A2482C22E86A00537093 /* munkee.png */; };
		FF57A24C2C22E86A00537093 /* city.jpg in Resources */ = {isa = PBXBuildFile; fileRef = FF57A2492C22E86A00537093 /* city.jpg */; };
		FF57A24E2C22E89300537093 /* song1.mp3 in Resources */ = {isa = PBXBuildFile; fileRef = FF57A24D2C22E89300537093 /* song1.mp3 */; };
		FF57A2512C22EA5E00537093 /* SpinViewController.swift in Sources */ = {isa = PBXBuildFile; fileRef = FF57A2502C22EA5E00537093 /* SpinViewController.swift */; };
		FF57A2532C22EA7A00537093 /* FlyViewController.swift in Sources */ = {isa = PBXBuildFile; fileRef = FF57A2522C22EA7A00537093 /* FlyViewController.swift */; };
		FF57A2552C22EA8E00537093 /* FadeViewController.swift in Sources */ = {isa = PBXBuildFile; fileRef = FF57A2542C22EA8E00537093 /* FadeViewController.swift */; };
		FF57A2582C22F6DD00537093 /* AVFoundation.framework in Frameworks */ = {isa = PBXBuildFile; fileRef = FF57A2572C22F6DD00537093 /* AVFoundation.framework */; };
		FF57A25A2C22F6F300537093 /* QuartzCore.framework in Frameworks */ = {isa = PBXBuildFile; fileRef = FF57A2592C22F6F300537093 /* QuartzCore.framework */; };
/* End PBXBuildFile section */

/* Begin PBXFileReference section */
		FF57A22E2C22E35100537093 /* MusicalAnimations.app */ = {isa = PBXFileReference; explicitFileType = wrapper.application; includeInIndex = 0; path = MusicalAnimations.app; sourceTree = BUILT_PRODUCTS_DIR; };
		FF57A2312C22E35100537093 /* AppDelegate.swift */ = {isa = PBXFileReference; lastKnownFileType = sourcecode.swift; path = AppDelegate.swift; sourceTree = "<group>"; };
		FF57A2332C22E35100537093 /* SceneDelegate.swift */ = {isa = PBXFileReference; lastKnownFileType = sourcecode.swift; path = SceneDelegate.swift; sourceTree = "<group>"; };
		FF57A2352C22E35100537093 /* ViewController.swift */ = {isa = PBXFileReference; lastKnownFileType = sourcecode.swift; path = ViewController.swift; sourceTree = "<group>"; };
		FF57A2382C22E35100537093 /* Base */ = {isa = PBXFileReference; lastKnownFileType = file.storyboard; name = Base; path = Base.lproj/Main.storyboard; sourceTree = "<group>"; };
		FF57A23A2C22E35300537093 /* Assets.xcassets */ = {isa = PBXFileReference; lastKnownFileType = folder.assetcatalog; path = Assets.xcassets; sourceTree = "<group>"; };
		FF57A23D2C22E35300537093 /* Base */ = {isa = PBXFileReference; lastKnownFileType = file.storyboard; name = Base; path = Base.lproj/LaunchScreen.storyboard; sourceTree = "<group>"; };
		FF57A23F2C22E35300537093 /* Info.plist */ = {isa = PBXFileReference; lastKnownFileType = text.plist.xml; path = Info.plist; sourceTree = "<group>"; };
		FF57A2472C22E86A00537093 /* dunkee.png */ = {isa = PBXFileReference; lastKnownFileType = image.png; path = dunkee.png; sourceTree = "<group>"; };
		FF57A2482C22E86A00537093 /* munkee.png */ = {isa = PBXFileReference; lastKnownFileType = image.png; path = munkee.png; sourceTree = "<group>"; };
		FF57A2492C22E86A00537093 /* city.jpg */ = {isa = PBXFileReference; lastKnownFileType = image.jpeg; path = city.jpg; sourceTree = "<group>"; };
		FF57A24D2C22E89300537093 /* song1.mp3 */ = {isa = PBXFileReference; lastKnownFileType = audio.mp3; path = song1.mp3; sourceTree = "<group>"; };
		FF57A2502C22EA5E00537093 /* SpinViewController.swift */ = {isa = PBXFileReference; lastKnownFileType = sourcecode.swift; path = SpinViewController.swift; sourceTree = "<group>"; };
		FF57A2522C22EA7A00537093 /* FlyViewController.swift */ = {isa = PBXFileReference; lastKnownFileType = sourcecode.swift; path = FlyViewController.swift; sourceTree = "<group>"; };
		FF57A2542C22EA8E00537093 /* FadeViewController.swift */ = {isa = PBXFileReference; lastKnownFileType = sourcecode.swift; path = FadeViewController.swift; sourceTree = "<group>"; };
		FF57A2572C22F6DD00537093 /* AVFoundation.framework */ = {isa = PBXFileReference; lastKnownFileType = wrapper.framework; name = AVFoundation.framework; path = System/Library/Frameworks/AVFoundation.framework; sourceTree = SDKROOT; };
		FF57A2592C22F6F300537093 /* QuartzCore.framework */ = {isa = PBXFileReference; lastKnownFileType = wrapper.framework; name = QuartzCore.framework; path = System/Library/Frameworks/QuartzCore.framework; sourceTree = SDKROOT; };
/* End PBXFileReference section */

/* Begin PBXFrameworksBuildPhase section */
		FF57A22B2C22E35100537093 /* Frameworks */ = {
			isa = PBXFrameworksBuildPhase;
			buildActionMask = 2147483647;
			files = (
				FF57A25A2C22F6F300537093 /* QuartzCore.framework in Frameworks */,
				FF57A2582C22F6DD00537093 /* AVFoundation.framework in Frameworks */,
			);
			runOnlyForDeploymentPostprocessing = 0;
		};
/* End PBXFrameworksBuildPhase section */

/* Begin PBXGroup section */
		FF57A2252C22E35100537093 = {
			isa = PBXGroup;
			children = (
				FF57A2302C22E35100537093 /* MusicalAnimations */,
				FF57A22F2C22E35100537093 /* Products */,
				FF57A2562C22F6DD00537093 /* Frameworks */,
			);
			sourceTree = "<group>";
		};
		FF57A22F2C22E35100537093 /* Products */ = {
			isa = PBXGroup;
			children = (
				FF57A22E2C22E35100537093 /* MusicalAnimations.app */,
			);
			name = Products;
			sourceTree = "<group>";
		};
		FF57A2302C22E35100537093 /* MusicalAnimations */ = {
			isa = PBXGroup;
			children = (
				FF57A24F2C22EA0200537093 /* View Controllers */,
				FF57A2462C22E37A00537093 /* sounds */,
				FF57A2452C22E36800537093 /* images */,
				FF57A2312C22E35100537093 /* AppDelegate.swift */,
				FF57A2332C22E35100537093 /* SceneDelegate.swift */,
				FF57A2372C22E35100537093 /* Main.storyboard */,
				FF57A23A2C22E35300537093 /* Assets.xcassets */,
				FF57A23C2C22E35300537093 /* LaunchScreen.storyboard */,
				FF57A23F2C22E35300537093 /* Info.plist */,
			);
			path = MusicalAnimations;
			sourceTree = "<group>";
		};
		FF57A2452C22E36800537093 /* images */ = {
			isa = PBXGroup;
			children = (
				FF57A2492C22E86A00537093 /* city.jpg */,
				FF57A2472C22E86A00537093 /* dunkee.png */,
				FF57A2482C22E86A00537093 /* munkee.png */,
			);
			path = images;
			sourceTree = "<group>";
		};
		FF57A2462C22E37A00537093 /* sounds */ = {
			isa = PBXGroup;
			children = (
				FF57A24D2C22E89300537093 /* song1.mp3 */,
			);
			path = sounds;
			sourceTree = "<group>";
		};
		FF57A24F2C22EA0200537093 /* View Controllers */ = {
			isa = PBXGroup;
			children = (
				FF57A2352C22E35100537093 /* ViewController.swift */,
				FF57A2502C22EA5E00537093 /* SpinViewController.swift */,
				FF57A2522C22EA7A00537093 /* FlyViewController.swift */,
				FF57A2542C22EA8E00537093 /* FadeViewController.swift */,
			);
			path = "View Controllers";
			sourceTree = "<group>";
		};
		FF57A2562C22F6DD00537093 /* Frameworks */ = {
			isa = PBXGroup;
			children = (
				FF57A2592C22F6F300537093 /* QuartzCore.framework */,
				FF57A2572C22F6DD00537093 /* AVFoundation.framework */,
			);
			name = Frameworks;
			sourceTree = "<group>";
		};
/* End PBXGroup section */

/* Begin PBXNativeTarget section */
		FF57A22D2C22E35100537093 /* MusicalAnimations */ = {
			isa = PBXNativeTarget;
			buildConfigurationList = FF57A2422C22E35300537093 /* Build configuration list for PBXNativeTarget "MusicalAnimations" */;
			buildPhases = (
				FF57A22A2C22E35100537093 /* Sources */,
				FF57A22B2C22E35100537093 /* Frameworks */,
				FF57A22C2C22E35100537093 /* Resources */,
			);
			buildRules = (
			);
			dependencies = (
			);
			name = MusicalAnimations;
			productName = MusicalAnimations;
			productReference = FF57A22E2C22E35100537093 /* MusicalAnimations.app */;
			productType = "com.apple.product-type.application";
		};
/* End PBXNativeTarget section */

/* Begin PBXProject section */
		FF57A2262C22E35100537093 /* Project object */ = {
			isa = PBXProject;
			attributes = {
				BuildIndependentTargetsInParallel = 1;
				LastSwiftUpdateCheck = 1430;
				LastUpgradeCheck = 1430;
				TargetAttributes = {
					FF57A22D2C22E35100537093 = {
						CreatedOnToolsVersion = 14.3.1;
					};
				};
			};
			buildConfigurationList = FF57A2292C22E35100537093 /* Build configuration list for PBXProject "MusicalAnimations" */;
			compatibilityVersion = "Xcode 14.0";
			developmentRegion = en;
			hasScannedForEncodings = 0;
			knownRegions = (
				en,
				Base,
			);
			mainGroup = FF57A2252C22E35100537093;
			productRefGroup = FF57A22F2C22E35100537093 /* Products */;
			projectDirPath = "";
			projectRoot = "";
			targets = (
				FF57A22D2C22E35100537093 /* MusicalAnimations */,
			);
		};
/* End PBXProject section */

/* Begin PBXResourcesBuildPhase section */
		FF57A22C2C22E35100537093 /* Resources */ = {
			isa = PBXResourcesBuildPhase;
			buildActionMask = 2147483647;
			files = (
				FF57A24E2C22E89300537093 /* song1.mp3 in Resources */,
				FF57A23E2C22E35300537093 /* LaunchScreen.storyboard in Resources */,
				FF57A24A2C22E86A00537093 /* dunkee.png in Resources */,
				FF57A23B2C22E35300537093 /* Assets.xcassets in Resources */,
				FF57A2392C22E35100537093 /* Main.storyboard in Resources */,
				FF57A24C2C22E86A00537093 /* city.jpg in Resources */,
				FF57A24B2C22E86A00537093 /* munkee.png in Resources */,
			);
			runOnlyForDeploymentPostprocessing = 0;
		};
/* End PBXResourcesBuildPhase section */

/* Begin PBXSourcesBuildPhase section */
		FF57A22A2C22E35100537093 /* Sources */ = {
			isa = PBXSourcesBuildPhase;
			buildActionMask = 2147483647;
			files = (
				FF57A2512C22EA5E00537093 /* SpinViewController.swift in Sources */,
				FF57A2362C22E35100537093 /* ViewController.swift in Sources */,
				FF57A2552C22EA8E00537093 /* FadeViewController.swift in Sources */,
				FF57A2322C22E35100537093 /* AppDelegate.swift in Sources */,
				FF57A2532C22EA7A00537093 /* FlyViewController.swift in Sources */,
				FF57A2342C22E35100537093 /* SceneDelegate.swift in Sources */,
			);
			runOnlyForDeploymentPostprocessing = 0;
		};
/* End PBXSourcesBuildPhase section */

/* Begin PBXVariantGroup section */
		FF57A2372C22E35100537093 /* Main.storyboard */ = {
			isa = PBXVariantGroup;
			children = (
				FF57A2382C22E35100537093 /* Base */,
			);
			name = Main.storyboard;
			sourceTree = "<group>";
		};
		FF57A23C2C22E35300537093 /* LaunchScreen.storyboard */ = {
			isa = PBXVariantGroup;
			children = (
				FF57A23D2C22E35300537093 /* Base */,
			);
			name = LaunchScreen.storyboard;
			sourceTree = "<group>";
		};
/* End PBXVariantGroup section */

/* Begin XCBuildConfiguration section */
		FF57A2402C22E35300537093 /* Debug */ = {
			isa = XCBuildConfiguration;
			buildSettings = {
				ALWAYS_SEARCH_USER_PATHS = NO;
				CLANG_ANALYZER_NONNULL = YES;
				CLANG_ANALYZER_NUMBER_OBJECT_CONVERSION = YES_AGGRESSIVE;
				CLANG_CXX_LANGUAGE_STANDARD = "gnu++20";
				CLANG_ENABLE_MODULES = YES;
				CLANG_ENABLE_OBJC_ARC = YES;
				CLANG_ENABLE_OBJC_WEAK = YES;
				CLANG_WARN_BLOCK_CAPTURE_AUTORELEASING = YES;
				CLANG_WARN_BOOL_CONVERSION = YES;
				CLANG_WARN_COMMA = YES;
				CLANG_WARN_CONSTANT_CONVERSION = YES;
				CLANG_WARN_DEPRECATED_OBJC_IMPLEMENTATIONS = YES;
				CLANG_WARN_DIRECT_OBJC_ISA_USAGE = YES_ERROR;
				CLANG_WARN_DOCUMENTATION_COMMENTS = YES;
				CLANG_WARN_EMPTY_BODY = YES;
				CLANG_WARN_ENUM_CONVERSION = YES;
				CLANG_WARN_INFINITE_RECURSION = YES;
				CLANG_WARN_INT_CONVERSION = YES;
				CLANG_WARN_NON_LITERAL_NULL_CONVERSION = YES;
				CLANG_WARN_OBJC_IMPLICIT_RETAIN_SELF = YES;
				CLANG_WARN_OBJC_LITERAL_CONVERSION = YES;
				CLANG_WARN_OBJC_ROOT_CLASS = YES_ERROR;
				CLANG_WARN_QUOTED_INCLUDE_IN_FRAMEWORK_HEADER = YES;
				CLANG_WARN_RANGE_LOOP_ANALYSIS = YES;
				CLANG_WARN_STRICT_PROTOTYPES = YES;
				CLANG_WARN_SUSPICIOUS_MOVE = YES;
				CLANG_WARN_UNGUARDED_AVAILABILITY = YES_AGGRESSIVE;
				CLANG_WARN_UNREACHABLE_CODE = YES;
				CLANG_WARN__DUPLICATE_METHOD_MATCH = YES;
				COPY_PHASE_STRIP = NO;
				DEBUG_INFORMATION_FORMAT = dwarf;
				ENABLE_STRICT_OBJC_MSGSEND = YES;
				ENABLE_TESTABILITY = YES;
				GCC_C_LANGUAGE_STANDARD = gnu11;
				GCC_DYNAMIC_NO_PIC = NO;
				GCC_NO_COMMON_BLOCKS = YES;
				GCC_OPTIMIZATION_LEVEL = 0;
				GCC_PREPROCESSOR_DEFINITIONS = (
					"DEBUG=1",
					"$(inherited)",
				);
				GCC_WARN_64_TO_32_BIT_CONVERSION = YES;
				GCC_WARN_ABOUT_RETURN_TYPE = YES_ERROR;
				GCC_WARN_UNDECLARED_SELECTOR = YES;
				GCC_WARN_UNINITIALIZED_AUTOS = YES_AGGRESSIVE;
				GCC_WARN_UNUSED_FUNCTION = YES;
				GCC_WARN_UNUSED_VARIABLE = YES;
				IPHONEOS_DEPLOYMENT_TARGET = 16.4;
				MTL_ENABLE_DEBUG_INFO = INCLUDE_SOURCE;
				MTL_FAST_MATH = YES;
				ONLY_ACTIVE_ARCH = YES;
				SDKROOT = iphoneos;
				SWIFT_ACTIVE_COMPILATION_CONDITIONS = DEBUG;
				SWIFT_OPTIMIZATION_LEVEL = "-Onone";
			};
			name = Debug;
		};
		FF57A2412C22E35300537093 /* Release */ = {
			isa = XCBuildConfiguration;
			buildSettings = {
				ALWAYS_SEARCH_USER_PATHS = NO;
				CLANG_ANALYZER_NONNULL = YES;
				CLANG_ANALYZER_NUMBER_OBJECT_CONVERSION = YES_AGGRESSIVE;
				CLANG_CXX_LANGUAGE_STANDARD = "gnu++20";
				CLANG_ENABLE_MODULES = YES;
				CLANG_ENABLE_OBJC_ARC = YES;
				CLANG_ENABLE_OBJC_WEAK = YES;
				CLANG_WARN_BLOCK_CAPTURE_AUTORELEASING = YES;
				CLANG_WARN_BOOL_CONVERSION = YES;
				CLANG_WARN_COMMA = YES;
				CLANG_WARN_CONSTANT_CONVERSION = YES;
				CLANG_WARN_DEPRECATED_OBJC_IMPLEMENTATIONS = YES;
				CLANG_WARN_DIRECT_OBJC_ISA_USAGE = YES_ERROR;
				CLANG_WARN_DOCUMENTATION_COMMENTS = YES;
				CLANG_WARN_EMPTY_BODY = YES;
				CLANG_WARN_ENUM_CONVERSION = YES;
				CLANG_WARN_INFINITE_RECURSION = YES;
				CLANG_WARN_INT_CONVERSION = YES;
				CLANG_WARN_NON_LITERAL_NULL_CONVERSION = YES;
				CLANG_WARN_OBJC_IMPLICIT_RETAIN_SELF = YES;
				CLANG_WARN_OBJC_LITERAL_CONVERSION = YES;
				CLANG_WARN_OBJC_ROOT_CLASS = YES_ERROR;
				CLANG_WARN_QUOTED_INCLUDE_IN_FRAMEWORK_HEADER = YES;
				CLANG_WARN_RANGE_LOOP_ANALYSIS = YES;
				CLANG_WARN_STRICT_PROTOTYPES = YES;
				CLANG_WARN_SUSPICIOUS_MOVE = YES;
				CLANG_WARN_UNGUARDED_AVAILABILITY = YES_AGGRESSIVE;
				CLANG_WARN_UNREACHABLE_CODE = YES;
				CLANG_WARN__DUPLICATE_METHOD_MATCH = YES;
				COPY_PHASE_STRIP = NO;
				DEBUG_INFORMATION_FORMAT = "dwarf-with-dsym";
				ENABLE_NS_ASSERTIONS = NO;
				ENABLE_STRICT_OBJC_MSGSEND = YES;
				GCC_C_LANGUAGE_STANDARD = gnu11;
				GCC_NO_COMMON_BLOCKS = YES;
				GCC_WARN_64_TO_32_BIT_CONVERSION = YES;
				GCC_WARN_ABOUT_RETURN_TYPE = YES_ERROR;
				GCC_WARN_UNDECLARED_SELECTOR = YES;
				GCC_WARN_UNINITIALIZED_AUTOS = YES_AGGRESSIVE;
				GCC_WARN_UNUSED_FUNCTION = YES;
				GCC_WARN_UNUSED_VARIABLE = YES;
				IPHONEOS_DEPLOYMENT_TARGET = 16.4;
				MTL_ENABLE_DEBUG_INFO = NO;
				MTL_FAST_MATH = YES;
				SDKROOT = iphoneos;
				SWIFT_COMPILATION_MODE = wholemodule;
				SWIFT_OPTIMIZATION_LEVEL = "-O";
				VALIDATE_PRODUCT = YES;
			};
			name = Release;
		};
		FF57A2432C22E35300537093 /* Debug */ = {
			isa = XCBuildConfiguration;
			buildSettings = {
				ASSETCATALOG_COMPILER_APPICON_NAME = AppIcon;
				ASSETCATALOG_COMPILER_GLOBAL_ACCENT_COLOR_NAME = AccentColor;
				CODE_SIGN_STYLE = Automatic;
				CURRENT_PROJECT_VERSION = 1;
				GENERATE_INFOPLIST_FILE = YES;
				INFOPLIST_FILE = MusicalAnimations/Info.plist;
				INFOPLIST_KEY_UIApplicationSupportsIndirectInputEvents = YES;
				INFOPLIST_KEY_UILaunchStoryboardName = LaunchScreen;
				INFOPLIST_KEY_UIMainStoryboardFile = Main;
				INFOPLIST_KEY_UISupportedInterfaceOrientations = "UIInterfaceOrientationLandscapeLeft UIInterfaceOrientationLandscapeRight";
				INFOPLIST_KEY_UISupportedInterfaceOrientations_iPad = "UIInterfaceOrientationLandscapeLeft UIInterfaceOrientationLandscapeRight UIInterfaceOrientationPortrait UIInterfaceOrientationPortraitUpsideDown";
				LD_RUNPATH_SEARCH_PATHS = (
					"$(inherited)",
					"@executable_path/Frameworks",
				);
				MARKETING_VERSION = 1.0;
				PRODUCT_BUNDLE_IDENTIFIER = momo.MusicalAnimations;
				PRODUCT_NAME = "$(TARGET_NAME)";
				SWIFT_EMIT_LOC_STRINGS = YES;
				SWIFT_VERSION = 5.0;
				TARGETED_DEVICE_FAMILY = "1,2";
			};
			name = Debug;
		};
		FF57A2442C22E35300537093 /* Release */ = {
			isa = XCBuildConfiguration;
			buildSettings = {
				ASSETCATALOG_COMPILER_APPICON_NAME = AppIcon;
				ASSETCATALOG_COMPILER_GLOBAL_ACCENT_COLOR_NAME = AccentColor;
				CODE_SIGN_STYLE = Automatic;
				CURRENT_PROJECT_VERSION = 1;
				GENERATE_INFOPLIST_FILE = YES;
				INFOPLIST_FILE = MusicalAnimations/Info.plist;
				INFOPLIST_KEY_UIApplicationSupportsIndirectInputEvents = YES;
				INFOPLIST_KEY_UILaunchStoryboardName = LaunchScreen;
				INFOPLIST_KEY_UIMainStoryboardFile = Main;
				INFOPLIST_KEY_UISupportedInterfaceOrientations = "UIInterfaceOrientationLandscapeLeft UIInterfaceOrientationLandscapeRight";
				INFOPLIST_KEY_UISupportedInterfaceOrientations_iPad = "UIInterfaceOrientationLandscapeLeft UIInterfaceOrientationLandscapeRight UIInterfaceOrientationPortrait UIInterfaceOrientationPortraitUpsideDown";
				LD_RUNPATH_SEARCH_PATHS = (
					"$(inherited)",
					"@executable_path/Frameworks",
				);
				MARKETING_VERSION = 1.0;
				PRODUCT_BUNDLE_IDENTIFIER = momo.MusicalAnimations;
				PRODUCT_NAME = "$(TARGET_NAME)";
				SWIFT_EMIT_LOC_STRINGS = YES;
				SWIFT_VERSION = 5.0;
				TARGETED_DEVICE_FAMILY = "1,2";
			};
			name = Release;
		};
/* End XCBuildConfiguration section */

/* Begin XCConfigurationList section */
		FF57A2292C22E35100537093 /* Build configuration list for PBXProject "MusicalAnimations" */ = {
			isa = XCConfigurationList;
			buildConfigurations = (
				FF57A2402C22E35300537093 /* Debug */,
				FF57A2412C22E35300537093 /* Release */,
			);
			defaultConfigurationIsVisible = 0;
			defaultConfigurationName = Release;
		};
		FF57A2422C22E35300537093 /* Build configuration list for PBXNativeTarget "MusicalAnimations" */ = {
			isa = XCConfigurationList;
			buildConfigurations = (
				FF57A2432C22E35300537093 /* Debug */,
				FF57A2442C22E35300537093 /* Release */,
			);
			defaultConfigurationIsVisible = 0;
			defaultConfigurationName = Release;
		};
/* End XCConfigurationList section */
	};
	rootObject = FF57A2262C22E35100537093 /* Project object */;
}
